<?xml version="1.0" encoding="utf-8"?>
<Project ToolsVersion="4.0" xmlns="http://schemas.microsoft.com/developer/msbuild/2003">
  <ItemGroup>
    <Filter Include="Source Files">
      <UniqueIdentifier>{776066a7-013b-4964-ae06-ee3386ff694a}</UniqueIdentifier>
      <Extensions>cpp;c;cxx;rc;def;r;odl;idl;hpj;bat</Extensions>
    </Filter>
    <Filter Include="Header Files">
      <UniqueIdentifier>{63f5aa4d-a072-4f34-b762-fdaa1b339af8}</UniqueIdentifier>
      <Extensions>h;hpp;hxx;hm;inl</Extensions>
    </Filter>
    <Filter Include="Resource Files">
      <UniqueIdentifier>{ea02484f-315e-426e-8be2-5d3aa9274204}</UniqueIdentifier>
      <Extensions>ico;cur;bmp;dlg;rc2;rct;bin;rgs;gif;jpg;jpeg;jpe</Extensions>
    </Filter>
  </ItemGroup>
  <ItemGroup>
    <ClCompile Include="cCritter.cpp">
      <Filter>Source Files</Filter>
    </ClCompile>
    <ClCompile Include="cGame.cpp">
      <Filter>Source Files</Filter>
    </ClCompile>
    <ClCompile Include="cGraphicsLayer.cpp">
      <Filter>Source Files</Filter>
    </ClCompile>
    <ClCompile Include="cInputLayer.cpp">
      <Filter>Source Files</Filter>
    </ClCompile>
    <ClCompile Include="cKeyboard.cpp">
      <Filter>Source Files</Filter>
    </ClCompile>
    <ClCompile Include="cLog.cpp">
      <Filter>Source Files</Filter>
    </ClCompile>
    <ClCompile Include="cMouse.cpp">
      <Filter>Source Files</Filter>
    </ClCompile>
    <ClCompile Include="cScene.cpp">
      <Filter>Source Files</Filter>
    </ClCompile>
    <ClCompile Include="cSkeleton.cpp">
      <Filter>Source Files</Filter>
    </ClCompile>
    <ClCompile Include="cTrajectory.cpp">
      <Filter>Source Files</Filter>
    </ClCompile>
    <ClCompile Include="Win32Main.cpp">
      <Filter>Source Files</Filter>
    </ClCompile>
    <ClCompile Include="cSound.cpp">
      <Filter>Source Files</Filter>
    </ClCompile>
    <ClCompile Include="cAStar.cpp">
      <Filter>Source Files</Filter>
    </ClCompile>
    <ClCompile Include="cPath.cpp">
      <Filter>Source Files</Filter>
    </ClCompile>
    <ClCompile Include="cRectangle.cpp">
      <Filter>Source Files</Filter>
    </ClCompile>
    <ClCompile Include="cBaseEntity.cpp">
      <Filter>Source Files</Filter>
    </ClCompile>
  </ItemGroup>
  <ItemGroup>
    <ClInclude Include="cCritter.h">
      <Filter>Header Files</Filter>
    </ClInclude>
    <ClInclude Include="cGame.h">
      <Filter>Header Files</Filter>
    </ClInclude>
    <ClInclude Include="cGraphicsLayer.h">
      <Filter>Header Files</Filter>
    </ClInclude>
    <ClInclude Include="cInputLayer.h">
      <Filter>Header Files</Filter>
    </ClInclude>
    <ClInclude Include="cKeyboard.h">
      <Filter>Header Files</Filter>
    </ClInclude>
    <ClInclude Include="cLog.h">
      <Filter>Header Files</Filter>
    </ClInclude>
    <ClInclude Include="cMouse.h">
      <Filter>Header Files</Filter>
    </ClInclude>
    <ClInclude Include="cScene.h">
      <Filter>Header Files</Filter>
    </ClInclude>
    <ClInclude Include="cSkeleton.h">
      <Filter>Header Files</Filter>
    </ClInclude>
    <ClInclude Include="cTrajectory.h">
      <Filter>Header Files</Filter>
    </ClInclude>
    <ClInclude Include="cSound.h">
      <Filter>Header Files</Filter>
    </ClInclude>
    <ClInclude Include="cAStar.h">
      <Filter>Header Files</Filter>
    </ClInclude>
    <ClInclude Include="cPath.h">
      <Filter>Header Files</Filter>
    </ClInclude>
    <ClInclude Include="cRectangle.h">
      <Filter>Header Files</Filter>
    </ClInclude>
    <ClInclude Include="cBaseEntity.h">
      <Filter>Header Files</Filter>
    </ClInclude>
  </ItemGroup>
  <ItemGroup>
    <Image Include="..\media\characters.png">
      <Filter>Resource Files</Filter>
    </Image>
    <Image Include="..\media\game.png">
      <Filter>Resource Files</Filter>
    </Image>
    <Image Include="..\media\main.png">
      <Filter>Resource Files</Filter>
    </Image>
    <Image Include="..\media\mouse.png">
      <Filter>Resource Files</Filter>
    </Image>
    <Image Include="..\media\tiles.png">
      <Filter>Resource Files</Filter>
    </Image>
  </ItemGroup>
</Project>